// !$*UTF8*$!
{
	archiveVersion = 1;
	classes = {
	};
	objectVersion = 50;
	objects = {

/* Begin PBXBuildFile section */
		8082E4BE23A0310300D3EEB2 /* AppError.swift in Sources */ = {isa = PBXBuildFile; fileRef = 8082E4BD23A0310300D3EEB2 /* AppError.swift */; };
		8082E4C023A03C7500D3EEB2 /* ImageClient.swift in Sources */ = {isa = PBXBuildFile; fileRef = 8082E4BF23A03C7500D3EEB2 /* ImageClient.swift */; };
		8082E4C423A04B1F00D3EEB2 /* CountriesDetailViewController.swift in Sources */ = {isa = PBXBuildFile; fileRef = 8082E4C323A04B1F00D3EEB2 /* CountriesDetailViewController.swift */; };
		808D270F239AE54200B59D9D /* AppDelegate.swift in Sources */ = {isa = PBXBuildFile; fileRef = 808D270E239AE54200B59D9D /* AppDelegate.swift */; };
		808D2711239AE54200B59D9D /* SceneDelegate.swift in Sources */ = {isa = PBXBuildFile; fileRef = 808D2710239AE54200B59D9D /* SceneDelegate.swift */; };
		808D2713239AE54200B59D9D /* ViewController.swift in Sources */ = {isa = PBXBuildFile; fileRef = 808D2712239AE54200B59D9D /* ViewController.swift */; };
		808D2716239AE54200B59D9D /* Main.storyboard in Resources */ = {isa = PBXBuildFile; fileRef = 808D2714239AE54200B59D9D /* Main.storyboard */; };
		808D2718239AE54300B59D9D /* Assets.xcassets in Resources */ = {isa = PBXBuildFile; fileRef = 808D2717239AE54300B59D9D /* Assets.xcassets */; };
		808D271B239AE54300B59D9D /* LaunchScreen.storyboard in Resources */ = {isa = PBXBuildFile; fileRef = 808D2719239AE54300B59D9D /* LaunchScreen.storyboard */; };
		80D94EB6239F4D4F000905D2 /* CountryAPIClient.swift in Sources */ = {isa = PBXBuildFile; fileRef = 80D94EB5239F4D4F000905D2 /* CountryAPIClient.swift */; };
		80D94EB8239F4DC4000905D2 /* CountryDataLoad.swift in Sources */ = {isa = PBXBuildFile; fileRef = 80D94EB7239F4DC4000905D2 /* CountryDataLoad.swift */; };
		80D94EBA239F524C000905D2 /* CountryCell.swift in Sources */ = {isa = PBXBuildFile; fileRef = 80D94EB9239F524C000905D2 /* CountryCell.swift */; };
/* End PBXBuildFile section */

/* Begin PBXFileReference section */
		8082E4BD23A0310300D3EEB2 /* AppError.swift */ = {isa = PBXFileReference; lastKnownFileType = sourcecode.swift; path = AppError.swift; sourceTree = "<group>"; };
		8082E4BF23A03C7500D3EEB2 /* ImageClient.swift */ = {isa = PBXFileReference; lastKnownFileType = sourcecode.swift; path = ImageClient.swift; sourceTree = "<group>"; };
		8082E4C323A04B1F00D3EEB2 /* CountriesDetailViewController.swift */ = {isa = PBXFileReference; lastKnownFileType = sourcecode.swift; path = CountriesDetailViewController.swift; sourceTree = "<group>"; };
		808D270B239AE54200B59D9D /* ConcurrencyLab.app */ = {isa = PBXFileReference; explicitFileType = wrapper.application; includeInIndex = 0; path = ConcurrencyLab.app; sourceTree = BUILT_PRODUCTS_DIR; };
		808D270E239AE54200B59D9D /* AppDelegate.swift */ = {isa = PBXFileReference; lastKnownFileType = sourcecode.swift; path = AppDelegate.swift; sourceTree = "<group>"; };
		808D2710239AE54200B59D9D /* SceneDelegate.swift */ = {isa = PBXFileReference; lastKnownFileType = sourcecode.swift; path = SceneDelegate.swift; sourceTree = "<group>"; };
		808D2712239AE54200B59D9D /* ViewController.swift */ = {isa = PBXFileReference; lastKnownFileType = sourcecode.swift; path = ViewController.swift; sourceTree = "<group>"; };
		808D2715239AE54200B59D9D /* Base */ = {isa = PBXFileReference; lastKnownFileType = file.storyboard; name = Base; path = Base.lproj/Main.storyboard; sourceTree = "<group>"; };
		808D2717239AE54300B59D9D /* Assets.xcassets */ = {isa = PBXFileReference; lastKnownFileType = folder.assetcatalog; path = Assets.xcassets; sourceTree = "<group>"; };
		808D271A239AE54300B59D9D /* Base */ = {isa = PBXFileReference; lastKnownFileType = file.storyboard; name = Base; path = Base.lproj/LaunchScreen.storyboard; sourceTree = "<group>"; };
		808D271C239AE54300B59D9D /* Info.plist */ = {isa = PBXFileReference; lastKnownFileType = text.plist.xml; path = Info.plist; sourceTree = "<group>"; };
		80D94EB5239F4D4F000905D2 /* CountryAPIClient.swift */ = {isa = PBXFileReference; lastKnownFileType = sourcecode.swift; path = CountryAPIClient.swift; sourceTree = "<group>"; };
		80D94EB7239F4DC4000905D2 /* CountryDataLoad.swift */ = {isa = PBXFileReference; lastKnownFileType = sourcecode.swift; path = CountryDataLoad.swift; sourceTree = "<group>"; };
		80D94EB9239F524C000905D2 /* CountryCell.swift */ = {isa = PBXFileReference; lastKnownFileType = sourcecode.swift; path = CountryCell.swift; sourceTree = "<group>"; };
/* End PBXFileReference section */

/* Begin PBXFrameworksBuildPhase section */
		808D2708239AE54200B59D9D /* Frameworks */ = {
			isa = PBXFrameworksBuildPhase;
			buildActionMask = 2147483647;
			files = (
			);
			runOnlyForDeploymentPostprocessing = 0;
		};
/* End PBXFrameworksBuildPhase section */

/* Begin PBXGroup section */
		808D2702239AE54200B59D9D = {
			isa = PBXGroup;
			children = (
				808D270D239AE54200B59D9D /* ConcurrencyLab */,
				808D270C239AE54200B59D9D /* Products */,
			);
			sourceTree = "<group>";
		};
		808D270C239AE54200B59D9D /* Products */ = {
			isa = PBXGroup;
			children = (
				808D270B239AE54200B59D9D /* ConcurrencyLab.app */,
			);
			name = Products;
			sourceTree = "<group>";
		};
		808D270D239AE54200B59D9D /* ConcurrencyLab */ = {
			isa = PBXGroup;
			children = (
				808D270E239AE54200B59D9D /* AppDelegate.swift */,
				808D2710239AE54200B59D9D /* SceneDelegate.swift */,
				808D2712239AE54200B59D9D /* ViewController.swift */,
				8082E4C323A04B1F00D3EEB2 /* CountriesDetailViewController.swift */,
				808D2714239AE54200B59D9D /* Main.storyboard */,
				80D94EB9239F524C000905D2 /* CountryCell.swift */,
				80D94EB7239F4DC4000905D2 /* CountryDataLoad.swift */,
				8082E4BF23A03C7500D3EEB2 /* ImageClient.swift */,
				80D94EB5239F4D4F000905D2 /* CountryAPIClient.swift */,
				8082E4BD23A0310300D3EEB2 /* AppError.swift */,
				808D2717239AE54300B59D9D /* Assets.xcassets */,
				808D2719239AE54300B59D9D /* LaunchScreen.storyboard */,
				808D271C239AE54300B59D9D /* Info.plist */,
			);
			path = ConcurrencyLab;
			sourceTree = "<group>";
		};
/* End PBXGroup section */

/* Begin PBXNativeTarget section */
		808D270A239AE54200B59D9D /* ConcurrencyLab */ = {
			isa = PBXNativeTarget;
			buildConfigurationList = 808D271F239AE54300B59D9D /* Build configuration list for PBXNativeTarget "ConcurrencyLab" */;
			buildPhases = (
				808D2707239AE54200B59D9D /* Sources */,
				808D2708239AE54200B59D9D /* Frameworks */,
				808D2709239AE54200B59D9D /* Resources */,
			);
			buildRules = (
			);
			dependencies = (
			);
			name = ConcurrencyLab;
			productName = ConcurrencyLab;
			productReference = 808D270B239AE54200B59D9D /* ConcurrencyLab.app */;
			productType = "com.apple.product-type.application";
		};
/* End PBXNativeTarget section */

/* Begin PBXProject section */
		808D2703239AE54200B59D9D /* Project object */ = {
			isa = PBXProject;
			attributes = {
				LastSwiftUpdateCheck = 1120;
				LastUpgradeCheck = 1120;
				ORGANIZATIONNAME = "Maitree Bain";
				TargetAttributes = {
					808D270A239AE54200B59D9D = {
						CreatedOnToolsVersion = 11.2.1;
					};
				};
			};
			buildConfigurationList = 808D2706239AE54200B59D9D /* Build configuration list for PBXProject "ConcurrencyLab" */;
			compatibilityVersion = "Xcode 9.3";
			developmentRegion = en;
			hasScannedForEncodings = 0;
			knownRegions = (
				en,
				Base,
			);
			mainGroup = 808D2702239AE54200B59D9D;
			productRefGroup = 808D270C239AE54200B59D9D /* Products */;
			projectDirPath = "";
			projectRoot = "";
			targets = (
				808D270A239AE54200B59D9D /* ConcurrencyLab */,
			);
		};
/* End PBXProject section */

/* Begin PBXResourcesBuildPhase section */
		808D2709239AE54200B59D9D /* Resources */ = {
			isa = PBXResourcesBuildPhase;
			buildActionMask = 2147483647;
			files = (
				808D271B239AE54300B59D9D /* LaunchScreen.storyboard in Resources */,
				808D2718239AE54300B59D9D /* Assets.xcassets in Resources */,
				808D2716239AE54200B59D9D /* Main.storyboard in Resources */,
			);
			runOnlyForDeploymentPostprocessing = 0;
		};
/* End PBXResourcesBuildPhase section */

/* Begin PBXSourcesBuildPhase section */
		808D2707239AE54200B59D9D /* Sources */ = {
			isa = PBXSourcesBuildPhase;
			buildActionMask = 2147483647;
			files = (
				808D2713239AE54200B59D9D /* ViewController.swift in Sources */,
				8082E4C423A04B1F00D3EEB2 /* CountriesDetailViewController.swift in Sources */,
				808D270F239AE54200B59D9D /* AppDelegate.swift in Sources */,
				80D94EBA239F524C000905D2 /* CountryCell.swift in Sources */,
				80D94EB6239F4D4F000905D2 /* CountryAPIClient.swift in Sources */,
				8082E4BE23A0310300D3EEB2 /* AppError.swift in Sources */,
				808D2711239AE54200B59D9D /* SceneDelegate.swift in Sources */,
				8082E4C023A03C7500D3EEB2 /* ImageClient.swift in Sources */,
				80D94EB8239F4DC4000905D2 /* CountryDataLoad.swift in Sources */,
			);
			runOnlyForDeploymentPostprocessing = 0;
		};
/* End PBXSourcesBuildPhase section */

/* Begin PBXVariantGroup section */
		808D2714239AE54200B59D9D /* Main.storyboard */ = {
			isa = PBXVariantGroup;
			children = (
				808D2715239AE54200B59D9D /* Base */,
			);
			name = Main.storyboard;
			sourceTree = "<group>";
		};
		808D2719239AE54300B59D9D /* LaunchScreen.storyboard */ = {
			isa = PBXVariantGroup;
			children = (
				808D271A239AE54300B59D9D /* Base */,
			);
			name = LaunchScreen.storyboard;
			sourceTree = "<group>";
		};
/* End PBXVariantGroup section */

/* Begin XCBuildConfiguration section */
		808D271D239AE54300B59D9D /* Debug */ = {
			isa = XCBuildConfiguration;
			buildSettings = {
				ALWAYS_SEARCH_USER_PATHS = NO;
				CLANG_ANALYZER_NONNULL = YES;
				CLANG_ANALYZER_NUMBER_OBJECT_CONVERSION = YES_AGGRESSIVE;
				CLANG_CXX_LANGUAGE_STANDARD = "gnu++14";
				CLANG_CXX_LIBRARY = "libc++";
				CLANG_ENABLE_MODULES = YES;
				CLANG_ENABLE_OBJC_ARC = YES;
				CLANG_ENABLE_OBJC_WEAK = YES;
				CLANG_WARN_BLOCK_CAPTURE_AUTORELEASING = YES;
				CLANG_WARN_BOOL_CONVERSION = YES;
				CLANG_WARN_COMMA = YES;
				CLANG_WARN_CONSTANT_CONVERSION = YES;
				CLANG_WARN_DEPRECATED_OBJC_IMPLEMENTATIONS = YES;
				CLANG_WARN_DIRECT_OBJC_ISA_USAGE = YES_ERROR;
				CLANG_WARN_DOCUMENTATION_COMMENTS = YES;
				CLANG_WARN_EMPTY_BODY = YES;
				CLANG_WARN_ENUM_CONVERSION = YES;
				CLANG_WARN_INFINITE_RECURSION = YES;
				CLANG_WARN_INT_CONVERSION = YES;
				CLANG_WARN_NON_LITERAL_NULL_CONVERSION = YES;
				CLANG_WARN_OBJC_IMPLICIT_RETAIN_SELF = YES;
				CLANG_WARN_OBJC_LITERAL_CONVERSION = YES;
				CLANG_WARN_OBJC_ROOT_CLASS = YES_ERROR;
				CLANG_WARN_RANGE_LOOP_ANALYSIS = YES;
				CLANG_WARN_STRICT_PROTOTYPES = YES;
				CLANG_WARN_SUSPICIOUS_MOVE = YES;
				CLANG_WARN_UNGUARDED_AVAILABILITY = YES_AGGRESSIVE;
				CLANG_WARN_UNREACHABLE_CODE = YES;
				CLANG_WARN__DUPLICATE_METHOD_MATCH = YES;
				COPY_PHASE_STRIP = NO;
				DEBUG_INFORMATION_FORMAT = dwarf;
				ENABLE_STRICT_OBJC_MSGSEND = YES;
				ENABLE_TESTABILITY = YES;
				GCC_C_LANGUAGE_STANDARD = gnu11;
				GCC_DYNAMIC_NO_PIC = NO;
				GCC_NO_COMMON_BLOCKS = YES;
				GCC_OPTIMIZATION_LEVEL = 0;
				GCC_PREPROCESSOR_DEFINITIONS = (
					"DEBUG=1",
					"$(inherited)",
				);
				GCC_WARN_64_TO_32_BIT_CONVERSION = YES;
				GCC_WARN_ABOUT_RETURN_TYPE = YES_ERROR;
				GCC_WARN_UNDECLARED_SELECTOR = YES;
				GCC_WARN_UNINITIALIZED_AUTOS = YES_AGGRESSIVE;
				GCC_WARN_UNUSED_FUNCTION = YES;
				GCC_WARN_UNUSED_VARIABLE = YES;
				IPHONEOS_DEPLOYMENT_TARGET = 13.2;
				MTL_ENABLE_DEBUG_INFO = INCLUDE_SOURCE;
				MTL_FAST_MATH = YES;
				ONLY_ACTIVE_ARCH = YES;
				SDKROOT = iphoneos;
				SWIFT_ACTIVE_COMPILATION_CONDITIONS = DEBUG;
				SWIFT_OPTIMIZATION_LEVEL = "-Onone";
			};
			name = Debug;
		};
		808D271E239AE54300B59D9D /* Release */ = {
			isa = XCBuildConfiguration;
			buildSettings = {
				ALWAYS_SEARCH_USER_PATHS = NO;
				CLANG_ANALYZER_NONNULL = YES;
				CLANG_ANALYZER_NUMBER_OBJECT_CONVERSION = YES_AGGRESSIVE;
				CLANG_CXX_LANGUAGE_STANDARD = "gnu++14";
				CLANG_CXX_LIBRARY = "libc++";
				CLANG_ENABLE_MODULES = YES;
				CLANG_ENABLE_OBJC_ARC = YES;
				CLANG_ENABLE_OBJC_WEAK = YES;
				CLANG_WARN_BLOCK_CAPTURE_AUTORELEASING = YES;
				CLANG_WARN_BOOL_CONVERSION = YES;
				CLANG_WARN_COMMA = YES;
				CLANG_WARN_CONSTANT_CONVERSION = YES;
				CLANG_WARN_DEPRECATED_OBJC_IMPLEMENTATIONS = YES;
				CLANG_WARN_DIRECT_OBJC_ISA_USAGE = YES_ERROR;
				CLANG_WARN_DOCUMENTATION_COMMENTS = YES;
				CLANG_WARN_EMPTY_BODY = YES;
				CLANG_WARN_ENUM_CONVERSION = YES;
				CLANG_WARN_INFINITE_RECURSION = YES;
				CLANG_WARN_INT_CONVERSION = YES;
				CLANG_WARN_NON_LITERAL_NULL_CONVERSION = YES;
				CLANG_WARN_OBJC_IMPLICIT_RETAIN_SELF = YES;
				CLANG_WARN_OBJC_LITERAL_CONVERSION = YES;
				CLANG_WARN_OBJC_ROOT_CLASS = YES_ERROR;
				CLANG_WARN_RANGE_LOOP_ANALYSIS = YES;
				CLANG_WARN_STRICT_PROTOTYPES = YES;
				CLANG_WARN_SUSPICIOUS_MOVE = YES;
				CLANG_WARN_UNGUARDED_AVAILABILITY = YES_AGGRESSIVE;
				CLANG_WARN_UNREACHABLE_CODE = YES;
				CLANG_WARN__DUPLICATE_METHOD_MATCH = YES;
				COPY_PHASE_STRIP = NO;
				DEBUG_INFORMATION_FORMAT = "dwarf-with-dsym";
				ENABLE_NS_ASSERTIONS = NO;
				ENABLE_STRICT_OBJC_MSGSEND = YES;
				GCC_C_LANGUAGE_STANDARD = gnu11;
				GCC_NO_COMMON_BLOCKS = YES;
				GCC_WARN_64_TO_32_BIT_CONVERSION = YES;
				GCC_WARN_ABOUT_RETURN_TYPE = YES_ERROR;
				GCC_WARN_UNDECLARED_SELECTOR = YES;
				GCC_WARN_UNINITIALIZED_AUTOS = YES_AGGRESSIVE;
				GCC_WARN_UNUSED_FUNCTION = YES;
				GCC_WARN_UNUSED_VARIABLE = YES;
				IPHONEOS_DEPLOYMENT_TARGET = 13.2;
				MTL_ENABLE_DEBUG_INFO = NO;
				MTL_FAST_MATH = YES;
				SDKROOT = iphoneos;
				SWIFT_COMPILATION_MODE = wholemodule;
				SWIFT_OPTIMIZATION_LEVEL = "-O";
				VALIDATE_PRODUCT = YES;
			};
			name = Release;
		};
		808D2720239AE54300B59D9D /* Debug */ = {
			isa = XCBuildConfiguration;
			buildSettings = {
				ASSETCATALOG_COMPILER_APPICON_NAME = AppIcon;
				CODE_SIGN_STYLE = Automatic;
				DEVELOPMENT_TEAM = P547T297G7;
				INFOPLIST_FILE = ConcurrencyLab/Info.plist;
				LD_RUNPATH_SEARCH_PATHS = (
					"$(inherited)",
					"@executable_path/Frameworks",
				);
				PRODUCT_BUNDLE_IDENTIFIER = com.MaitreeBain.ConcurrencyLab;
				PRODUCT_NAME = "$(TARGET_NAME)";
				SWIFT_VERSION = 5.0;
				TARGETED_DEVICE_FAMILY = "1,2";
			};
			name = Debug;
		};
		808D2721239AE54300B59D9D /* Release */ = {
			isa = XCBuildConfiguration;
			buildSettings = {
				ASSETCATALOG_COMPILER_APPICON_NAME = AppIcon;
				CODE_SIGN_STYLE = Automatic;
				DEVELOPMENT_TEAM = P547T297G7;
				INFOPLIST_FILE = ConcurrencyLab/Info.plist;
				LD_RUNPATH_SEARCH_PATHS = (
					"$(inherited)",
					"@executable_path/Frameworks",
				);
				PRODUCT_BUNDLE_IDENTIFIER = com.MaitreeBain.ConcurrencyLab;
				PRODUCT_NAME = "$(TARGET_NAME)";
				SWIFT_VERSION = 5.0;
				TARGETED_DEVICE_FAMILY = "1,2";
			};
			name = Release;
		};
/* End XCBuildConfiguration section */

/* Begin XCConfigurationList section */
		808D2706239AE54200B59D9D /* Build configuration list for PBXProject "ConcurrencyLab" */ = {
			isa = XCConfigurationList;
			buildConfigurations = (
				808D271D239AE54300B59D9D /* Debug */,
				808D271E239AE54300B59D9D /* Release */,
			);
			defaultConfigurationIsVisible = 0;
			defaultConfigurationName = Release;
		};
		808D271F239AE54300B59D9D /* Build configuration list for PBXNativeTarget "ConcurrencyLab" */ = {
			isa = XCConfigurationList;
			buildConfigurations = (
				808D2720239AE54300B59D9D /* Debug */,
				808D2721239AE54300B59D9D /* Release */,
			);
			defaultConfigurationIsVisible = 0;
			defaultConfigurationName = Release;
		};
/* End XCConfigurationList section */
	};
	rootObject = 808D2703239AE54200B59D9D /* Project object */;
}
